
Microsoft Visual Studio Solution File, Format Version 12.00
# Visual Studio 15
VisualStudioVersion = 15.0.33919.361
MinimumVisualStudioVersion = 10.0.40219.1
Project("{FAE04EC0-301F-11D3-BF4B-00C04F79EFBC}") = "ISBank_Assessment.UI", "ISBank_Assessment.UI\ISBank_Assessment.UI.csproj", "{FE4D1C8C-25FD-47A9-A11B-31DA3E8FF941}"
EndProject
Global
	GlobalSection(SolutionConfigurationPlatforms) = preSolution
		Debug|Any CPU = Debug|Any CPU
		Release|Any CPU = Release|Any CPU
	EndGlobalSection
	GlobalSection(ProjectConfigurationPlatforms) = postSolution
		{FE4D1C8C-25FD-47A9-A11B-31DA3E8FF941}.Debug|Any CPU.ActiveCfg = Debug|Any CPU
		{FE4D1C8C-25FD-47A9-A11B-31DA3E8FF941}.Debug|Any CPU.Build.0 = Debug|Any CPU
		{FE4D1C8C-25FD-47A9-A11B-31DA3E8FF941}.Release|Any CPU.ActiveCfg = Release|Any CPU
		{FE4D1C8C-25FD-47A9-A11B-31DA3E8FF941}.Release|Any CPU.Build.0 = Release|Any CPU
	EndGlobalSection
	GlobalSection(SolutionProperties) = preSolution
		HideSolutionNode = FALSE
	EndGlobalSection
	GlobalSection(ExtensibilityGlobals) = postSolution
		SolutionGuid = {0D23D181-2A35-4112-8E23-053CBB7A162B}
	EndGlobalSection
EndGlobal
